// !$*UTF8*$!
{
	archiveVersion = 1;
	classes = {
	};
	objectVersion = 50;
	objects = {

/* Begin PBXBuildFile section */
		5A1C364C23531CB700DE587A /* APIClient.swift in Sources */ = {isa = PBXBuildFile; fileRef = 5A1C364B23531CB700DE587A /* APIClient.swift */; };
		5A1C364E23531D2000DE587A /* Environment.swift in Sources */ = {isa = PBXBuildFile; fileRef = 5A1C364D23531D2000DE587A /* Environment.swift */; };
		5A1C365023531EB700DE587A /* RequestsFactory.swift in Sources */ = {isa = PBXBuildFile; fileRef = 5A1C364F23531EB700DE587A /* RequestsFactory.swift */; };
		5A1C3655235320B600DE587A /* UserService.swift in Sources */ = {isa = PBXBuildFile; fileRef = 5A1C3654235320B600DE587A /* UserService.swift */; };
		5A1C365723532A7D00DE587A /* PagingRequest.swift in Sources */ = {isa = PBXBuildFile; fileRef = 5A1C365623532A7D00DE587A /* PagingRequest.swift */; };
		5A1C365923532C1300DE587A /* APIRequestErrorInformation.swift in Sources */ = {isa = PBXBuildFile; fileRef = 5A1C365823532C1300DE587A /* APIRequestErrorInformation.swift */; };
		5A1C365B2353303F00DE587A /* APIRequest.swift in Sources */ = {isa = PBXBuildFile; fileRef = 5A1C365A2353303F00DE587A /* APIRequest.swift */; };
		5A1C365D235333A000DE587A /* MultipartRequest.swift in Sources */ = {isa = PBXBuildFile; fileRef = 5A1C365C2353339F00DE587A /* MultipartRequest.swift */; };
		5A1C36602353872300DE587A /* BaseViewModel.swift in Sources */ = {isa = PBXBuildFile; fileRef = 5A1C365F2353872300DE587A /* BaseViewModel.swift */; };
		5A1C366523538AFD00DE587A /* ActivityView.swift in Sources */ = {isa = PBXBuildFile; fileRef = 5A1C366423538AFD00DE587A /* ActivityView.swift */; };
		5A1C366923538D4A00DE587A /* LoginModule.swift in Sources */ = {isa = PBXBuildFile; fileRef = 5A1C366823538D4A00DE587A /* LoginModule.swift */; };
		5A8F4341234A22B6007FB89F /* Roboto-ThinItalic.ttf in Resources */ = {isa = PBXBuildFile; fileRef = 5A8F4335234A22B4007FB89F /* Roboto-ThinItalic.ttf */; };
		5A8F4342234A22B6007FB89F /* Roboto-LightItalic.ttf in Resources */ = {isa = PBXBuildFile; fileRef = 5A8F4336234A22B5007FB89F /* Roboto-LightItalic.ttf */; };
		5A8F4343234A22B6007FB89F /* Roboto-Medium.ttf in Resources */ = {isa = PBXBuildFile; fileRef = 5A8F4337234A22B5007FB89F /* Roboto-Medium.ttf */; };
		5A8F4344234A22B6007FB89F /* Roboto-BlackItalic.ttf in Resources */ = {isa = PBXBuildFile; fileRef = 5A8F4338234A22B5007FB89F /* Roboto-BlackItalic.ttf */; };
		5A8F4345234A22B6007FB89F /* Roboto-BoldItalic.ttf in Resources */ = {isa = PBXBuildFile; fileRef = 5A8F4339234A22B5007FB89F /* Roboto-BoldItalic.ttf */; };
		5A8F4346234A22B6007FB89F /* Roboto-Light.ttf in Resources */ = {isa = PBXBuildFile; fileRef = 5A8F433A234A22B5007FB89F /* Roboto-Light.ttf */; };
		5A8F4347234A22B6007FB89F /* Roboto-Bold.ttf in Resources */ = {isa = PBXBuildFile; fileRef = 5A8F433B234A22B5007FB89F /* Roboto-Bold.ttf */; };
		5A8F4348234A22B6007FB89F /* Roboto-Black.ttf in Resources */ = {isa = PBXBuildFile; fileRef = 5A8F433C234A22B5007FB89F /* Roboto-Black.ttf */; };
		5A8F4349234A22B6007FB89F /* Roboto-Thin.ttf in Resources */ = {isa = PBXBuildFile; fileRef = 5A8F433D234A22B5007FB89F /* Roboto-Thin.ttf */; };
		5A8F434A234A22B6007FB89F /* Roboto-Regular.ttf in Resources */ = {isa = PBXBuildFile; fileRef = 5A8F433E234A22B5007FB89F /* Roboto-Regular.ttf */; };
		5A8F434B234A22B6007FB89F /* Roboto-Italic.ttf in Resources */ = {isa = PBXBuildFile; fileRef = 5A8F433F234A22B6007FB89F /* Roboto-Italic.ttf */; };
		5A8F434C234A22B6007FB89F /* Roboto-MediumItalic.ttf in Resources */ = {isa = PBXBuildFile; fileRef = 5A8F4340234A22B6007FB89F /* Roboto-MediumItalic.ttf */; };
		5A8F434F234A249C007FB89F /* UIViewController+Alert.swift in Sources */ = {isa = PBXBuildFile; fileRef = 5A8F434E234A249C007FB89F /* UIViewController+Alert.swift */; };
		5A8F4351234A24A9007FB89F /* UIImageView+Cashe.swift in Sources */ = {isa = PBXBuildFile; fileRef = 5A8F4350234A24A9007FB89F /* UIImageView+Cashe.swift */; };
		5A8F4353234A24D7007FB89F /* LoginViewController.swift in Sources */ = {isa = PBXBuildFile; fileRef = 5A8F4352234A24D7007FB89F /* LoginViewController.swift */; };
		5A8F4358234A37EA007FB89F /* AppDelegateSettings.swift in Sources */ = {isa = PBXBuildFile; fileRef = 5A8F4357234A37EA007FB89F /* AppDelegateSettings.swift */; };
		5A8F435B234A3FD1007FB89F /* Storyboards.swift in Sources */ = {isa = PBXBuildFile; fileRef = 5A8F435A234A3FD1007FB89F /* Storyboards.swift */; };
		5A8F435D234A4958007FB89F /* UIDevice+ModelType.swift in Sources */ = {isa = PBXBuildFile; fileRef = 5A8F435C234A4958007FB89F /* UIDevice+ModelType.swift */; };
		5A8F4361234A4B0A007FB89F /* Settings.swift in Sources */ = {isa = PBXBuildFile; fileRef = 5A8F4360234A4B0A007FB89F /* Settings.swift */; };
		5A8F4366234A4DFA007FB89F /* KeychainManager.swift in Sources */ = {isa = PBXBuildFile; fileRef = 5A8F4365234A4DFA007FB89F /* KeychainManager.swift */; };
		5AB57EBF231C5E4F00A22A8C /* AppDelegate.swift in Sources */ = {isa = PBXBuildFile; fileRef = 5AB57EBE231C5E4F00A22A8C /* AppDelegate.swift */; };
		5AB57EC1231C5E4F00A22A8C /* ViewController.swift in Sources */ = {isa = PBXBuildFile; fileRef = 5AB57EC0231C5E4F00A22A8C /* ViewController.swift */; };
		5AB57EC4231C5E4F00A22A8C /* Main.storyboard in Resources */ = {isa = PBXBuildFile; fileRef = 5AB57EC2231C5E4F00A22A8C /* Main.storyboard */; };
		5AB57EC6231C5E5100A22A8C /* Assets.xcassets in Resources */ = {isa = PBXBuildFile; fileRef = 5AB57EC5231C5E5100A22A8C /* Assets.xcassets */; };
		5AB57EC9231C5E5100A22A8C /* LaunchScreen.storyboard in Resources */ = {isa = PBXBuildFile; fileRef = 5AB57EC7231C5E5100A22A8C /* LaunchScreen.storyboard */; };
		5AB57ED4231C5E5100A22A8C /* VarakushCashierTests.swift in Sources */ = {isa = PBXBuildFile; fileRef = 5AB57ED3231C5E5100A22A8C /* VarakushCashierTests.swift */; };
		5AB57EE0231C5EF400A22A8C /* Style.swift in Sources */ = {isa = PBXBuildFile; fileRef = 5AB57EDF231C5EF400A22A8C /* Style.swift */; };
		5AB57EE2231C5FF800A22A8C /* Login.storyboard in Resources */ = {isa = PBXBuildFile; fileRef = 5AB57EE1231C5FF800A22A8C /* Login.storyboard */; };
		5AB705E3234A780500C23C3C /* UIView+LayoutAnchor.swift in Sources */ = {isa = PBXBuildFile; fileRef = 5AB705E2234A780500C23C3C /* UIView+LayoutAnchor.swift */; };
		5AB705E7234A7BCF00C23C3C /* LoginModel.swift in Sources */ = {isa = PBXBuildFile; fileRef = 5AB705E6234A7BCF00C23C3C /* LoginModel.swift */; };
		5AB705E9234A7DCE00C23C3C /* AlamofireManager.swift in Sources */ = {isa = PBXBuildFile; fileRef = 5AB705E8234A7DCE00C23C3C /* AlamofireManager.swift */; };
		5AB705EB234A7DF400C23C3C /* String+SHA256+Base64.swift in Sources */ = {isa = PBXBuildFile; fileRef = 5AB705EA234A7DF400C23C3C /* String+SHA256+Base64.swift */; };
		5AB705ED234A7E9D00C23C3C /* Bundle.swift in Sources */ = {isa = PBXBuildFile; fileRef = 5AB705EC234A7E9D00C23C3C /* Bundle.swift */; };
		5AB705EF234A852600C23C3C /* LoginViewModel.swift in Sources */ = {isa = PBXBuildFile; fileRef = 5AB705EE234A852600C23C3C /* LoginViewModel.swift */; };
		659901AFA751FAE779FFDCB6 /* Pods_VarakushCashier.framework in Frameworks */ = {isa = PBXBuildFile; fileRef = F82BBEDC81FA47F1186CCF60 /* Pods_VarakushCashier.framework */; };
		A7D61D9CF88F2FFFBC07F604 /* Pods_VarakushCashierTests.framework in Frameworks */ = {isa = PBXBuildFile; fileRef = 8DF85410524B07F82350B71B /* Pods_VarakushCashierTests.framework */; };
/* End PBXBuildFile section */

/* Begin PBXContainerItemProxy section */
		5AB57ED0231C5E5100A22A8C /* PBXContainerItemProxy */ = {
			isa = PBXContainerItemProxy;
			containerPortal = 5AB57EB3231C5E4F00A22A8C /* Project object */;
			proxyType = 1;
			remoteGlobalIDString = 5AB57EBA231C5E4F00A22A8C;
			remoteInfo = VarakushCashier;
		};
/* End PBXContainerItemProxy section */

/* Begin PBXFileReference section */
		0DA014246DFDF2D312907C57 /* Pods-VarakushCashier.release.xcconfig */ = {isa = PBXFileReference; includeInIndex = 1; lastKnownFileType = text.xcconfig; name = "Pods-VarakushCashier.release.xcconfig"; path = "Target Support Files/Pods-VarakushCashier/Pods-VarakushCashier.release.xcconfig"; sourceTree = "<group>"; };
		0ECCCFB87935A0FD96E2527A /* Pods-VarakushCashierTests.release.xcconfig */ = {isa = PBXFileReference; includeInIndex = 1; lastKnownFileType = text.xcconfig; name = "Pods-VarakushCashierTests.release.xcconfig"; path = "Target Support Files/Pods-VarakushCashierTests/Pods-VarakushCashierTests.release.xcconfig"; sourceTree = "<group>"; };
		23E05EB620EF780FCD23FF4A /* Pods-VarakushCashier.debug.xcconfig */ = {isa = PBXFileReference; includeInIndex = 1; lastKnownFileType = text.xcconfig; name = "Pods-VarakushCashier.debug.xcconfig"; path = "Target Support Files/Pods-VarakushCashier/Pods-VarakushCashier.debug.xcconfig"; sourceTree = "<group>"; };
		3AAB4D817B158786017D06E2 /* Pods-VarakushCashierTests.debug.xcconfig */ = {isa = PBXFileReference; includeInIndex = 1; lastKnownFileType = text.xcconfig; name = "Pods-VarakushCashierTests.debug.xcconfig"; path = "Target Support Files/Pods-VarakushCashierTests/Pods-VarakushCashierTests.debug.xcconfig"; sourceTree = "<group>"; };
		5A1C364B23531CB700DE587A /* APIClient.swift */ = {isa = PBXFileReference; lastKnownFileType = sourcecode.swift; path = APIClient.swift; sourceTree = "<group>"; };
		5A1C364D23531D2000DE587A /* Environment.swift */ = {isa = PBXFileReference; lastKnownFileType = sourcecode.swift; path = Environment.swift; sourceTree = "<group>"; };
		5A1C364F23531EB700DE587A /* RequestsFactory.swift */ = {isa = PBXFileReference; lastKnownFileType = sourcecode.swift; path = RequestsFactory.swift; sourceTree = "<group>"; };
		5A1C3654235320B600DE587A /* UserService.swift */ = {isa = PBXFileReference; lastKnownFileType = sourcecode.swift; path = UserService.swift; sourceTree = "<group>"; };
		5A1C365623532A7D00DE587A /* PagingRequest.swift */ = {isa = PBXFileReference; fileEncoding = 4; lastKnownFileType = sourcecode.swift; path = PagingRequest.swift; sourceTree = "<group>"; };
		5A1C365823532C1300DE587A /* APIRequestErrorInformation.swift */ = {isa = PBXFileReference; lastKnownFileType = sourcecode.swift; path = APIRequestErrorInformation.swift; sourceTree = "<group>"; };
		5A1C365A2353303F00DE587A /* APIRequest.swift */ = {isa = PBXFileReference; lastKnownFileType = sourcecode.swift; path = APIRequest.swift; sourceTree = "<group>"; };
		5A1C365C2353339F00DE587A /* MultipartRequest.swift */ = {isa = PBXFileReference; fileEncoding = 4; lastKnownFileType = sourcecode.swift; path = MultipartRequest.swift; sourceTree = "<group>"; };
		5A1C365F2353872300DE587A /* BaseViewModel.swift */ = {isa = PBXFileReference; lastKnownFileType = sourcecode.swift; path = BaseViewModel.swift; sourceTree = "<group>"; };
		5A1C366423538AFD00DE587A /* ActivityView.swift */ = {isa = PBXFileReference; lastKnownFileType = sourcecode.swift; path = ActivityView.swift; sourceTree = "<group>"; };
		5A1C366823538D4A00DE587A /* LoginModule.swift */ = {isa = PBXFileReference; lastKnownFileType = sourcecode.swift; path = LoginModule.swift; sourceTree = "<group>"; };
		5A8F4335234A22B4007FB89F /* Roboto-ThinItalic.ttf */ = {isa = PBXFileReference; lastKnownFileType = file; path = "Roboto-ThinItalic.ttf"; sourceTree = "<group>"; };
		5A8F4336234A22B5007FB89F /* Roboto-LightItalic.ttf */ = {isa = PBXFileReference; lastKnownFileType = file; path = "Roboto-LightItalic.ttf"; sourceTree = "<group>"; };
		5A8F4337234A22B5007FB89F /* Roboto-Medium.ttf */ = {isa = PBXFileReference; lastKnownFileType = file; path = "Roboto-Medium.ttf"; sourceTree = "<group>"; };
		5A8F4338234A22B5007FB89F /* Roboto-BlackItalic.ttf */ = {isa = PBXFileReference; lastKnownFileType = file; path = "Roboto-BlackItalic.ttf"; sourceTree = "<group>"; };
		5A8F4339234A22B5007FB89F /* Roboto-BoldItalic.ttf */ = {isa = PBXFileReference; lastKnownFileType = file; path = "Roboto-BoldItalic.ttf"; sourceTree = "<group>"; };
		5A8F433A234A22B5007FB89F /* Roboto-Light.ttf */ = {isa = PBXFileReference; lastKnownFileType = file; path = "Roboto-Light.ttf"; sourceTree = "<group>"; };
		5A8F433B234A22B5007FB89F /* Roboto-Bold.ttf */ = {isa = PBXFileReference; lastKnownFileType = file; path = "Roboto-Bold.ttf"; sourceTree = "<group>"; };
		5A8F433C234A22B5007FB89F /* Roboto-Black.ttf */ = {isa = PBXFileReference; lastKnownFileType = file; path = "Roboto-Black.ttf"; sourceTree = "<group>"; };
		5A8F433D234A22B5007FB89F /* Roboto-Thin.ttf */ = {isa = PBXFileReference; lastKnownFileType = file; path = "Roboto-Thin.ttf"; sourceTree = "<group>"; };
		5A8F433E234A22B5007FB89F /* Roboto-Regular.ttf */ = {isa = PBXFileReference; lastKnownFileType = file; path = "Roboto-Regular.ttf"; sourceTree = "<group>"; };
		5A8F433F234A22B6007FB89F /* Roboto-Italic.ttf */ = {isa = PBXFileReference; lastKnownFileType = file; path = "Roboto-Italic.ttf"; sourceTree = "<group>"; };
		5A8F4340234A22B6007FB89F /* Roboto-MediumItalic.ttf */ = {isa = PBXFileReference; lastKnownFileType = file; path = "Roboto-MediumItalic.ttf"; sourceTree = "<group>"; };
		5A8F434E234A249C007FB89F /* UIViewController+Alert.swift */ = {isa = PBXFileReference; fileEncoding = 4; lastKnownFileType = sourcecode.swift; path = "UIViewController+Alert.swift"; sourceTree = "<group>"; };
		5A8F4350234A24A9007FB89F /* UIImageView+Cashe.swift */ = {isa = PBXFileReference; fileEncoding = 4; lastKnownFileType = sourcecode.swift; path = "UIImageView+Cashe.swift"; sourceTree = "<group>"; };
		5A8F4352234A24D7007FB89F /* LoginViewController.swift */ = {isa = PBXFileReference; lastKnownFileType = sourcecode.swift; path = LoginViewController.swift; sourceTree = "<group>"; };
		5A8F4357234A37EA007FB89F /* AppDelegateSettings.swift */ = {isa = PBXFileReference; lastKnownFileType = sourcecode.swift; path = AppDelegateSettings.swift; sourceTree = "<group>"; };
		5A8F435A234A3FD1007FB89F /* Storyboards.swift */ = {isa = PBXFileReference; lastKnownFileType = sourcecode.swift; path = Storyboards.swift; sourceTree = "<group>"; };
		5A8F435C234A4958007FB89F /* UIDevice+ModelType.swift */ = {isa = PBXFileReference; lastKnownFileType = sourcecode.swift; path = "UIDevice+ModelType.swift"; sourceTree = "<group>"; };
		5A8F4360234A4B0A007FB89F /* Settings.swift */ = {isa = PBXFileReference; lastKnownFileType = sourcecode.swift; path = Settings.swift; sourceTree = "<group>"; };
		5A8F4365234A4DFA007FB89F /* KeychainManager.swift */ = {isa = PBXFileReference; lastKnownFileType = sourcecode.swift; path = KeychainManager.swift; sourceTree = "<group>"; };
		5AB57EBB231C5E4F00A22A8C /* MVVM+RxApiClient.app */ = {isa = PBXFileReference; explicitFileType = wrapper.application; includeInIndex = 0; path = "MVVM+RxApiClient.app"; sourceTree = BUILT_PRODUCTS_DIR; };
		5AB57EBE231C5E4F00A22A8C /* AppDelegate.swift */ = {isa = PBXFileReference; lastKnownFileType = sourcecode.swift; path = AppDelegate.swift; sourceTree = "<group>"; };
		5AB57EC0231C5E4F00A22A8C /* ViewController.swift */ = {isa = PBXFileReference; lastKnownFileType = sourcecode.swift; path = ViewController.swift; sourceTree = "<group>"; };
		5AB57EC3231C5E4F00A22A8C /* Base */ = {isa = PBXFileReference; lastKnownFileType = file.storyboard; name = Base; path = Base.lproj/Main.storyboard; sourceTree = "<group>"; };
		5AB57EC5231C5E5100A22A8C /* Assets.xcassets */ = {isa = PBXFileReference; lastKnownFileType = folder.assetcatalog; path = Assets.xcassets; sourceTree = "<group>"; };
		5AB57EC8231C5E5100A22A8C /* Base */ = {isa = PBXFileReference; lastKnownFileType = file.storyboard; name = Base; path = Base.lproj/LaunchScreen.storyboard; sourceTree = "<group>"; };
		5AB57ECA231C5E5100A22A8C /* Info.plist */ = {isa = PBXFileReference; lastKnownFileType = text.plist.xml; path = Info.plist; sourceTree = "<group>"; };
		5AB57ECF231C5E5100A22A8C /* VarakushCashierTests.xctest */ = {isa = PBXFileReference; explicitFileType = wrapper.cfbundle; includeInIndex = 0; path = VarakushCashierTests.xctest; sourceTree = BUILT_PRODUCTS_DIR; };
		5AB57ED3231C5E5100A22A8C /* VarakushCashierTests.swift */ = {isa = PBXFileReference; lastKnownFileType = sourcecode.swift; path = VarakushCashierTests.swift; sourceTree = "<group>"; };
		5AB57ED5231C5E5100A22A8C /* Info.plist */ = {isa = PBXFileReference; lastKnownFileType = text.plist.xml; path = Info.plist; sourceTree = "<group>"; };
		5AB57EDF231C5EF400A22A8C /* Style.swift */ = {isa = PBXFileReference; lastKnownFileType = sourcecode.swift; path = Style.swift; sourceTree = "<group>"; };
		5AB57EE1231C5FF800A22A8C /* Login.storyboard */ = {isa = PBXFileReference; lastKnownFileType = file.storyboard; path = Login.storyboard; sourceTree = "<group>"; };
		5AB705E2234A780500C23C3C /* UIView+LayoutAnchor.swift */ = {isa = PBXFileReference; fileEncoding = 4; lastKnownFileType = sourcecode.swift; path = "UIView+LayoutAnchor.swift"; sourceTree = "<group>"; };
		5AB705E6234A7BCF00C23C3C /* LoginModel.swift */ = {isa = PBXFileReference; lastKnownFileType = sourcecode.swift; path = LoginModel.swift; sourceTree = "<group>"; };
		5AB705E8234A7DCE00C23C3C /* AlamofireManager.swift */ = {isa = PBXFileReference; fileEncoding = 4; lastKnownFileType = sourcecode.swift; path = AlamofireManager.swift; sourceTree = "<group>"; };
		5AB705EA234A7DF400C23C3C /* String+SHA256+Base64.swift */ = {isa = PBXFileReference; fileEncoding = 4; lastKnownFileType = sourcecode.swift; path = "String+SHA256+Base64.swift"; sourceTree = "<group>"; };
		5AB705EC234A7E9D00C23C3C /* Bundle.swift */ = {isa = PBXFileReference; lastKnownFileType = sourcecode.swift; path = Bundle.swift; sourceTree = "<group>"; };
		5AB705EE234A852600C23C3C /* LoginViewModel.swift */ = {isa = PBXFileReference; lastKnownFileType = sourcecode.swift; path = LoginViewModel.swift; sourceTree = "<group>"; };
		8DF85410524B07F82350B71B /* Pods_VarakushCashierTests.framework */ = {isa = PBXFileReference; explicitFileType = wrapper.framework; includeInIndex = 0; path = Pods_VarakushCashierTests.framework; sourceTree = BUILT_PRODUCTS_DIR; };
		F82BBEDC81FA47F1186CCF60 /* Pods_VarakushCashier.framework */ = {isa = PBXFileReference; explicitFileType = wrapper.framework; includeInIndex = 0; path = Pods_VarakushCashier.framework; sourceTree = BUILT_PRODUCTS_DIR; };
/* End PBXFileReference section */

/* Begin PBXFrameworksBuildPhase section */
		5AB57EB8231C5E4F00A22A8C /* Frameworks */ = {
			isa = PBXFrameworksBuildPhase;
			buildActionMask = 2147483647;
			files = (
				659901AFA751FAE779FFDCB6 /* Pods_VarakushCashier.framework in Frameworks */,
			);
			runOnlyForDeploymentPostprocessing = 0;
		};
		5AB57ECC231C5E5100A22A8C /* Frameworks */ = {
			isa = PBXFrameworksBuildPhase;
			buildActionMask = 2147483647;
			files = (
				A7D61D9CF88F2FFFBC07F604 /* Pods_VarakushCashierTests.framework in Frameworks */,
			);
			runOnlyForDeploymentPostprocessing = 0;
		};
/* End PBXFrameworksBuildPhase section */

/* Begin PBXGroup section */
		5A1C36512353208900DE587A /* API */ = {
			isa = PBXGroup;
			children = (
				5AB705E5234A7AC200C23C3C /* APIClient */,
				5A1C36522353209300DE587A /* Requests */,
			);
			path = API;
			sourceTree = "<group>";
		};
		5A1C36522353209300DE587A /* Requests */ = {
			isa = PBXGroup;
			children = (
				5A1C364F23531EB700DE587A /* RequestsFactory.swift */,
				5A1C3654235320B600DE587A /* UserService.swift */,
			);
			path = Requests;
			sourceTree = "<group>";
		};
		5A1C365E2353871300DE587A /* BaseViewModel */ = {
			isa = PBXGroup;
			children = (
				5A1C365F2353872300DE587A /* BaseViewModel.swift */,
			);
			path = BaseViewModel;
			sourceTree = "<group>";
		};
		5A1C366123538ADC00DE587A /* CustomViews */ = {
			isa = PBXGroup;
			children = (
				5A1C366623538B0400DE587A /* Activity */,
			);
			path = CustomViews;
			sourceTree = "<group>";
		};
		5A1C366623538B0400DE587A /* Activity */ = {
			isa = PBXGroup;
			children = (
				5A1C366423538AFD00DE587A /* ActivityView.swift */,
			);
			path = Activity;
			sourceTree = "<group>";
		};
		5A1C366723538D2200DE587A /* LoginModule */ = {
			isa = PBXGroup;
			children = (
				5A1C366823538D4A00DE587A /* LoginModule.swift */,
			);
			path = LoginModule;
			sourceTree = "<group>";
		};
		5A861A72234A91F400079E9F /* SlideMenu */ = {
			isa = PBXGroup;
			children = (
			);
			path = SlideMenu;
			sourceTree = "<group>";
		};
		5A8F432B234A1BED007FB89F /* UI */ = {
			isa = PBXGroup;
			children = (
				5A861A72234A91F400079E9F /* SlideMenu */,
				5A8F432D234A1D6D007FB89F /* Registration */,
				5A8F432E234A1D77007FB89F /* MainScreen */,
			);
			path = UI;
			sourceTree = "<group>";
		};
		5A8F432C234A1D53007FB89F /* Resources */ = {
			isa = PBXGroup;
			children = (
				5AB57EC5231C5E5100A22A8C /* Assets.xcassets */,
				5AB57EC7231C5E5100A22A8C /* LaunchScreen.storyboard */,
				5AB57ECA231C5E5100A22A8C /* Info.plist */,
			);
			path = Resources;
			sourceTree = "<group>";
		};
		5A8F432D234A1D6D007FB89F /* Registration */ = {
			isa = PBXGroup;
			children = (
				5AB57EE1231C5FF800A22A8C /* Login.storyboard */,
				5A1C366723538D2200DE587A /* LoginModule */,
				5A8F4354234A24DC007FB89F /* Model */,
				5A8F4355234A24E6007FB89F /* View */,
				5A8F4356234A24F2007FB89F /* ViewModel */,
			);
			path = Registration;
			sourceTree = "<group>";
		};
		5A8F432E234A1D77007FB89F /* MainScreen */ = {
			isa = PBXGroup;
			children = (
				5AB57EC0231C5E4F00A22A8C /* ViewController.swift */,
				5AB57EC2231C5E4F00A22A8C /* Main.storyboard */,
			);
			path = MainScreen;
			sourceTree = "<group>";
		};
		5A8F432F234A21BB007FB89F /* Fonts */ = {
			isa = PBXGroup;
			children = (
				5A8F433C234A22B5007FB89F /* Roboto-Black.ttf */,
				5A8F4338234A22B5007FB89F /* Roboto-BlackItalic.ttf */,
				5A8F433B234A22B5007FB89F /* Roboto-Bold.ttf */,
				5A8F4339234A22B5007FB89F /* Roboto-BoldItalic.ttf */,
				5A8F433F234A22B6007FB89F /* Roboto-Italic.ttf */,
				5A8F433A234A22B5007FB89F /* Roboto-Light.ttf */,
				5A8F4336234A22B5007FB89F /* Roboto-LightItalic.ttf */,
				5A8F4337234A22B5007FB89F /* Roboto-Medium.ttf */,
				5A8F4340234A22B6007FB89F /* Roboto-MediumItalic.ttf */,
				5A8F433E234A22B5007FB89F /* Roboto-Regular.ttf */,
				5A8F433D234A22B5007FB89F /* Roboto-Thin.ttf */,
				5A8F4335234A22B4007FB89F /* Roboto-ThinItalic.ttf */,
			);
			path = Fonts;
			sourceTree = "<group>";
		};
		5A8F4330234A21D3007FB89F /* Colors */ = {
			isa = PBXGroup;
			children = (
				5AB57EDF231C5EF400A22A8C /* Style.swift */,
			);
			path = Colors;
			sourceTree = "<group>";
		};
		5A8F434D234A247F007FB89F /* Extensions */ = {
			isa = PBXGroup;
			children = (
				5A8F434E234A249C007FB89F /* UIViewController+Alert.swift */,
				5A8F435C234A4958007FB89F /* UIDevice+ModelType.swift */,
				5A8F4350234A24A9007FB89F /* UIImageView+Cashe.swift */,
				5AB705E2234A780500C23C3C /* UIView+LayoutAnchor.swift */,
				5AB705EA234A7DF400C23C3C /* String+SHA256+Base64.swift */,
				5AB705EC234A7E9D00C23C3C /* Bundle.swift */,
			);
			path = Extensions;
			sourceTree = "<group>";
		};
		5A8F4354234A24DC007FB89F /* Model */ = {
			isa = PBXGroup;
			children = (
				5AB705E6234A7BCF00C23C3C /* LoginModel.swift */,
			);
			path = Model;
			sourceTree = "<group>";
		};
		5A8F4355234A24E6007FB89F /* View */ = {
			isa = PBXGroup;
			children = (
				5A8F4352234A24D7007FB89F /* LoginViewController.swift */,
			);
			path = View;
			sourceTree = "<group>";
		};
		5A8F4356234A24F2007FB89F /* ViewModel */ = {
			isa = PBXGroup;
			children = (
				5AB705EE234A852600C23C3C /* LoginViewModel.swift */,
			);
			path = ViewModel;
			sourceTree = "<group>";
		};
		5A8F4359234A3F96007FB89F /* Storyboards */ = {
			isa = PBXGroup;
			children = (
				5A8F435A234A3FD1007FB89F /* Storyboards.swift */,
			);
			path = Storyboards;
			sourceTree = "<group>";
		};
		5A8F4362234A4B26007FB89F /* UserSettings */ = {
			isa = PBXGroup;
			children = (
				5A8F4360234A4B0A007FB89F /* Settings.swift */,
				5A8F4365234A4DFA007FB89F /* KeychainManager.swift */,
			);
			path = UserSettings;
			sourceTree = "<group>";
		};
		5AB57EB2231C5E4F00A22A8C = {
			isa = PBXGroup;
			children = (
				5AB57EBD231C5E4F00A22A8C /* VarakushCashier */,
				5AB57ED2231C5E5100A22A8C /* VarakushCashierTests */,
				5AB57EBC231C5E4F00A22A8C /* Products */,
				5E311BF732BC800B1B5CDB15 /* Pods */,
				FEBE36BA5592040F308B13F5 /* Frameworks */,
			);
			sourceTree = "<group>";
		};
		5AB57EBC231C5E4F00A22A8C /* Products */ = {
			isa = PBXGroup;
			children = (
				5AB57EBB231C5E4F00A22A8C /* MVVM+RxApiClient.app */,
				5AB57ECF231C5E5100A22A8C /* VarakushCashierTests.xctest */,
			);
			name = Products;
			sourceTree = "<group>";
		};
		5AB57EBD231C5E4F00A22A8C /* VarakushCashier */ = {
			isa = PBXGroup;
			children = (
				5AB57EE3231C602000A22A8C /* App */,
				5AB57EDE231C5EE500A22A8C /* Style */,
				5A8F4359234A3F96007FB89F /* Storyboards */,
				5A8F4362234A4B26007FB89F /* UserSettings */,
				5A8F434D234A247F007FB89F /* Extensions */,
				5AB705E4234A7AB800C23C3C /* Services */,
				5A1C366123538ADC00DE587A /* CustomViews */,
				5A1C365E2353871300DE587A /* BaseViewModel */,
				5A8F432B234A1BED007FB89F /* UI */,
				5A8F432C234A1D53007FB89F /* Resources */,
			);
			path = VarakushCashier;
			sourceTree = "<group>";
		};
		5AB57ED2231C5E5100A22A8C /* VarakushCashierTests */ = {
			isa = PBXGroup;
			children = (
				5AB57ED3231C5E5100A22A8C /* VarakushCashierTests.swift */,
				5AB57ED5231C5E5100A22A8C /* Info.plist */,
			);
			path = VarakushCashierTests;
			sourceTree = "<group>";
		};
		5AB57EDE231C5EE500A22A8C /* Style */ = {
			isa = PBXGroup;
			children = (
				5A8F4330234A21D3007FB89F /* Colors */,
				5A8F432F234A21BB007FB89F /* Fonts */,
			);
			path = Style;
			sourceTree = "<group>";
		};
		5AB57EE3231C602000A22A8C /* App */ = {
			isa = PBXGroup;
			children = (
				5AB57EBE231C5E4F00A22A8C /* AppDelegate.swift */,
				5A8F4357234A37EA007FB89F /* AppDelegateSettings.swift */,
			);
			path = App;
			sourceTree = "<group>";
		};
		5AB705E4234A7AB800C23C3C /* Services */ = {
			isa = PBXGroup;
			children = (
				5A1C36512353208900DE587A /* API */,
			);
			path = Services;
			sourceTree = "<group>";
		};
		5AB705E5234A7AC200C23C3C /* APIClient */ = {
			isa = PBXGroup;
			children = (
				5A1C364B23531CB700DE587A /* APIClient.swift */,
				5A1C365A2353303F00DE587A /* APIRequest.swift */,
				5AB705E8234A7DCE00C23C3C /* AlamofireManager.swift */,
				5A1C364D23531D2000DE587A /* Environment.swift */,
				5A1C365C2353339F00DE587A /* MultipartRequest.swift */,
				5A1C365823532C1300DE587A /* APIRequestErrorInformation.swift */,
				5A1C365623532A7D00DE587A /* PagingRequest.swift */,
			);
			path = APIClient;
			sourceTree = "<group>";
		};
		5E311BF732BC800B1B5CDB15 /* Pods */ = {
			isa = PBXGroup;
			children = (
				23E05EB620EF780FCD23FF4A /* Pods-VarakushCashier.debug.xcconfig */,
				0DA014246DFDF2D312907C57 /* Pods-VarakushCashier.release.xcconfig */,
				3AAB4D817B158786017D06E2 /* Pods-VarakushCashierTests.debug.xcconfig */,
				0ECCCFB87935A0FD96E2527A /* Pods-VarakushCashierTests.release.xcconfig */,
			);
			path = Pods;
			sourceTree = "<group>";
		};
		FEBE36BA5592040F308B13F5 /* Frameworks */ = {
			isa = PBXGroup;
			children = (
				F82BBEDC81FA47F1186CCF60 /* Pods_VarakushCashier.framework */,
				8DF85410524B07F82350B71B /* Pods_VarakushCashierTests.framework */,
			);
			name = Frameworks;
			sourceTree = "<group>";
		};
/* End PBXGroup section */

/* Begin PBXNativeTarget section */
		5AB57EBA231C5E4F00A22A8C /* VarakushCashier */ = {
			isa = PBXNativeTarget;
			buildConfigurationList = 5AB57ED8231C5E5100A22A8C /* Build configuration list for PBXNativeTarget "VarakushCashier" */;
			buildPhases = (
				559A5D810927610D6925C68B /* [CP] Check Pods Manifest.lock */,
				5AB57EB7231C5E4F00A22A8C /* Sources */,
				5AB57EB8231C5E4F00A22A8C /* Frameworks */,
				5AB57EB9231C5E4F00A22A8C /* Resources */,
				F5159188322EA84AFBAD3135 /* [CP] Embed Pods Frameworks */,
			);
			buildRules = (
			);
			dependencies = (
			);
			name = VarakushCashier;
			productName = VarakushCashier;
			productReference = 5AB57EBB231C5E4F00A22A8C /* MVVM+RxApiClient.app */;
			productType = "com.apple.product-type.application";
		};
		5AB57ECE231C5E5100A22A8C /* VarakushCashierTests */ = {
			isa = PBXNativeTarget;
			buildConfigurationList = 5AB57EDB231C5E5100A22A8C /* Build configuration list for PBXNativeTarget "VarakushCashierTests" */;
			buildPhases = (
				BB763312765D0BD125C357C5 /* [CP] Check Pods Manifest.lock */,
				5AB57ECB231C5E5100A22A8C /* Sources */,
				5AB57ECC231C5E5100A22A8C /* Frameworks */,
				5AB57ECD231C5E5100A22A8C /* Resources */,
			);
			buildRules = (
			);
			dependencies = (
				5AB57ED1231C5E5100A22A8C /* PBXTargetDependency */,
			);
			name = VarakushCashierTests;
			productName = VarakushCashierTests;
			productReference = 5AB57ECF231C5E5100A22A8C /* VarakushCashierTests.xctest */;
			productType = "com.apple.product-type.bundle.unit-test";
		};
/* End PBXNativeTarget section */

/* Begin PBXProject section */
		5AB57EB3231C5E4F00A22A8C /* Project object */ = {
			isa = PBXProject;
			attributes = {
				LastSwiftUpdateCheck = 1030;
				LastUpgradeCheck = 1030;
				ORGANIZATIONNAME = di;
				TargetAttributes = {
					5AB57EBA231C5E4F00A22A8C = {
						CreatedOnToolsVersion = 10.3;
					};
					5AB57ECE231C5E5100A22A8C = {
						CreatedOnToolsVersion = 10.3;
						TestTargetID = 5AB57EBA231C5E4F00A22A8C;
					};
				};
			};
			buildConfigurationList = 5AB57EB6231C5E4F00A22A8C /* Build configuration list for PBXProject "VarakushCashier" */;
			compatibilityVersion = "Xcode 9.3";
			developmentRegion = en;
			hasScannedForEncodings = 0;
			knownRegions = (
				en,
				Base,
			);
			mainGroup = 5AB57EB2231C5E4F00A22A8C;
			productRefGroup = 5AB57EBC231C5E4F00A22A8C /* Products */;
			projectDirPath = "";
			projectRoot = "";
			targets = (
				5AB57EBA231C5E4F00A22A8C /* VarakushCashier */,
				5AB57ECE231C5E5100A22A8C /* VarakushCashierTests */,
			);
		};
/* End PBXProject section */

/* Begin PBXResourcesBuildPhase section */
		5AB57EB9231C5E4F00A22A8C /* Resources */ = {
			isa = PBXResourcesBuildPhase;
			buildActionMask = 2147483647;
			files = (
				5A8F4345234A22B6007FB89F /* Roboto-BoldItalic.ttf in Resources */,
				5A8F4341234A22B6007FB89F /* Roboto-ThinItalic.ttf in Resources */,
				5A8F4346234A22B6007FB89F /* Roboto-Light.ttf in Resources */,
				5AB57EE2231C5FF800A22A8C /* Login.storyboard in Resources */,
				5A8F4347234A22B6007FB89F /* Roboto-Bold.ttf in Resources */,
				5A8F4342234A22B6007FB89F /* Roboto-LightItalic.ttf in Resources */,
				5A8F4343234A22B6007FB89F /* Roboto-Medium.ttf in Resources */,
				5A8F434B234A22B6007FB89F /* Roboto-Italic.ttf in Resources */,
				5AB57EC9231C5E5100A22A8C /* LaunchScreen.storyboard in Resources */,
				5A8F434A234A22B6007FB89F /* Roboto-Regular.ttf in Resources */,
				5AB57EC6231C5E5100A22A8C /* Assets.xcassets in Resources */,
				5AB57EC4231C5E4F00A22A8C /* Main.storyboard in Resources */,
				5A8F434C234A22B6007FB89F /* Roboto-MediumItalic.ttf in Resources */,
				5A8F4344234A22B6007FB89F /* Roboto-BlackItalic.ttf in Resources */,
				5A8F4349234A22B6007FB89F /* Roboto-Thin.ttf in Resources */,
				5A8F4348234A22B6007FB89F /* Roboto-Black.ttf in Resources */,
			);
			runOnlyForDeploymentPostprocessing = 0;
		};
		5AB57ECD231C5E5100A22A8C /* Resources */ = {
			isa = PBXResourcesBuildPhase;
			buildActionMask = 2147483647;
			files = (
			);
			runOnlyForDeploymentPostprocessing = 0;
		};
/* End PBXResourcesBuildPhase section */

/* Begin PBXShellScriptBuildPhase section */
		559A5D810927610D6925C68B /* [CP] Check Pods Manifest.lock */ = {
			isa = PBXShellScriptBuildPhase;
			buildActionMask = 2147483647;
			files = (
			);
			inputFileListPaths = (
			);
			inputPaths = (
				"${PODS_PODFILE_DIR_PATH}/Podfile.lock",
				"${PODS_ROOT}/Manifest.lock",
			);
			name = "[CP] Check Pods Manifest.lock";
			outputFileListPaths = (
			);
			outputPaths = (
				"$(DERIVED_FILE_DIR)/Pods-VarakushCashier-checkManifestLockResult.txt",
			);
			runOnlyForDeploymentPostprocessing = 0;
			shellPath = /bin/sh;
			shellScript = "diff \"${PODS_PODFILE_DIR_PATH}/Podfile.lock\" \"${PODS_ROOT}/Manifest.lock\" > /dev/null\nif [ $? != 0 ] ; then\n    # print error to STDERR\n    echo \"error: The sandbox is not in sync with the Podfile.lock. Run 'pod install' or update your CocoaPods installation.\" >&2\n    exit 1\nfi\n# This output is used by Xcode 'outputs' to avoid re-running this script phase.\necho \"SUCCESS\" > \"${SCRIPT_OUTPUT_FILE_0}\"\n";
			showEnvVarsInLog = 0;
		};
		BB763312765D0BD125C357C5 /* [CP] Check Pods Manifest.lock */ = {
			isa = PBXShellScriptBuildPhase;
			buildActionMask = 2147483647;
			files = (
			);
			inputFileListPaths = (
			);
			inputPaths = (
				"${PODS_PODFILE_DIR_PATH}/Podfile.lock",
				"${PODS_ROOT}/Manifest.lock",
			);
			name = "[CP] Check Pods Manifest.lock";
			outputFileListPaths = (
			);
			outputPaths = (
				"$(DERIVED_FILE_DIR)/Pods-VarakushCashierTests-checkManifestLockResult.txt",
			);
			runOnlyForDeploymentPostprocessing = 0;
			shellPath = /bin/sh;
			shellScript = "diff \"${PODS_PODFILE_DIR_PATH}/Podfile.lock\" \"${PODS_ROOT}/Manifest.lock\" > /dev/null\nif [ $? != 0 ] ; then\n    # print error to STDERR\n    echo \"error: The sandbox is not in sync with the Podfile.lock. Run 'pod install' or update your CocoaPods installation.\" >&2\n    exit 1\nfi\n# This output is used by Xcode 'outputs' to avoid re-running this script phase.\necho \"SUCCESS\" > \"${SCRIPT_OUTPUT_FILE_0}\"\n";
			showEnvVarsInLog = 0;
		};
		F5159188322EA84AFBAD3135 /* [CP] Embed Pods Frameworks */ = {
			isa = PBXShellScriptBuildPhase;
			buildActionMask = 2147483647;
			files = (
			);
			inputFileListPaths = (
			);
			inputPaths = (
				"${PODS_ROOT}/Target Support Files/Pods-VarakushCashier/Pods-VarakushCashier-frameworks.sh",
				"${BUILT_PRODUCTS_DIR}/Alamofire/Alamofire.framework",
				"${BUILT_PRODUCTS_DIR}/NVActivityIndicatorView/NVActivityIndicatorView.framework",
				"${BUILT_PRODUCTS_DIR}/RxAlamofire/RxAlamofire.framework",
				"${BUILT_PRODUCTS_DIR}/RxCocoa/RxCocoa.framework",
				"${BUILT_PRODUCTS_DIR}/RxRelay/RxRelay.framework",
				"${BUILT_PRODUCTS_DIR}/RxSwift/RxSwift.framework",
				"${BUILT_PRODUCTS_DIR}/SwiftKeychainWrapper/SwiftKeychainWrapper.framework",
			);
			name = "[CP] Embed Pods Frameworks";
			outputFileListPaths = (
			);
			outputPaths = (
				"${TARGET_BUILD_DIR}/${FRAMEWORKS_FOLDER_PATH}/Alamofire.framework",
				"${TARGET_BUILD_DIR}/${FRAMEWORKS_FOLDER_PATH}/NVActivityIndicatorView.framework",
				"${TARGET_BUILD_DIR}/${FRAMEWORKS_FOLDER_PATH}/RxAlamofire.framework",
				"${TARGET_BUILD_DIR}/${FRAMEWORKS_FOLDER_PATH}/RxCocoa.framework",
				"${TARGET_BUILD_DIR}/${FRAMEWORKS_FOLDER_PATH}/RxRelay.framework",
				"${TARGET_BUILD_DIR}/${FRAMEWORKS_FOLDER_PATH}/RxSwift.framework",
				"${TARGET_BUILD_DIR}/${FRAMEWORKS_FOLDER_PATH}/SwiftKeychainWrapper.framework",
			);
			runOnlyForDeploymentPostprocessing = 0;
			shellPath = /bin/sh;
			shellScript = "\"${PODS_ROOT}/Target Support Files/Pods-VarakushCashier/Pods-VarakushCashier-frameworks.sh\"\n";
			showEnvVarsInLog = 0;
		};
/* End PBXShellScriptBuildPhase section */

/* Begin PBXSourcesBuildPhase section */
		5AB57EB7231C5E4F00A22A8C /* Sources */ = {
			isa = PBXSourcesBuildPhase;
			buildActionMask = 2147483647;
			files = (
				5A8F435D234A4958007FB89F /* UIDevice+ModelType.swift in Sources */,
				5A1C365B2353303F00DE587A /* APIRequest.swift in Sources */,
				5A1C366923538D4A00DE587A /* LoginModule.swift in Sources */,
				5AB705ED234A7E9D00C23C3C /* Bundle.swift in Sources */,
				5A8F435B234A3FD1007FB89F /* Storyboards.swift in Sources */,
				5A8F4353234A24D7007FB89F /* LoginViewController.swift in Sources */,
				5AB57EC1231C5E4F00A22A8C /* ViewController.swift in Sources */,
				5A1C365D235333A000DE587A /* MultipartRequest.swift in Sources */,
				5A1C36602353872300DE587A /* BaseViewModel.swift in Sources */,
				5A8F4366234A4DFA007FB89F /* KeychainManager.swift in Sources */,
				5A1C365923532C1300DE587A /* APIRequestErrorInformation.swift in Sources */,
				5A8F4361234A4B0A007FB89F /* Settings.swift in Sources */,
				5A1C365723532A7D00DE587A /* PagingRequest.swift in Sources */,
				5AB57EE0231C5EF400A22A8C /* Style.swift in Sources */,
				5AB57EBF231C5E4F00A22A8C /* AppDelegate.swift in Sources */,
				5A1C366523538AFD00DE587A /* ActivityView.swift in Sources */,
				5AB705E7234A7BCF00C23C3C /* LoginModel.swift in Sources */,
				5AB705EF234A852600C23C3C /* LoginViewModel.swift in Sources */,
				5A8F4351234A24A9007FB89F /* UIImageView+Cashe.swift in Sources */,
				5AB705E3234A780500C23C3C /* UIView+LayoutAnchor.swift in Sources */,
				5A8F434F234A249C007FB89F /* UIViewController+Alert.swift in Sources */,
				5A1C3655235320B600DE587A /* UserService.swift in Sources */,
				5A1C365023531EB700DE587A /* RequestsFactory.swift in Sources */,
				5AB705EB234A7DF400C23C3C /* String+SHA256+Base64.swift in Sources */,
				5A1C364E23531D2000DE587A /* Environment.swift in Sources */,
				5AB705E9234A7DCE00C23C3C /* AlamofireManager.swift in Sources */,
				5A8F4358234A37EA007FB89F /* AppDelegateSettings.swift in Sources */,
				5A1C364C23531CB700DE587A /* APIClient.swift in Sources */,
			);
			runOnlyForDeploymentPostprocessing = 0;
		};
		5AB57ECB231C5E5100A22A8C /* Sources */ = {
			isa = PBXSourcesBuildPhase;
			buildActionMask = 2147483647;
			files = (
				5AB57ED4231C5E5100A22A8C /* VarakushCashierTests.swift in Sources */,
			);
			runOnlyForDeploymentPostprocessing = 0;
		};
/* End PBXSourcesBuildPhase section */

/* Begin PBXTargetDependency section */
		5AB57ED1231C5E5100A22A8C /* PBXTargetDependency */ = {
			isa = PBXTargetDependency;
			target = 5AB57EBA231C5E4F00A22A8C /* VarakushCashier */;
			targetProxy = 5AB57ED0231C5E5100A22A8C /* PBXContainerItemProxy */;
		};
/* End PBXTargetDependency section */

/* Begin PBXVariantGroup section */
		5AB57EC2231C5E4F00A22A8C /* Main.storyboard */ = {
			isa = PBXVariantGroup;
			children = (
				5AB57EC3231C5E4F00A22A8C /* Base */,
			);
			name = Main.storyboard;
			sourceTree = "<group>";
		};
		5AB57EC7231C5E5100A22A8C /* LaunchScreen.storyboard */ = {
			isa = PBXVariantGroup;
			children = (
				5AB57EC8231C5E5100A22A8C /* Base */,
			);
			name = LaunchScreen.storyboard;
			sourceTree = "<group>";
		};
/* End PBXVariantGroup section */

/* Begin XCBuildConfiguration section */
		5AB57ED6231C5E5100A22A8C /* Debug */ = {
			isa = XCBuildConfiguration;
			buildSettings = {
				ALWAYS_SEARCH_USER_PATHS = NO;
				CLANG_ANALYZER_NONNULL = YES;
				CLANG_ANALYZER_NUMBER_OBJECT_CONVERSION = YES_AGGRESSIVE;
				CLANG_CXX_LANGUAGE_STANDARD = "gnu++14";
				CLANG_CXX_LIBRARY = "libc++";
				CLANG_ENABLE_MODULES = YES;
				CLANG_ENABLE_OBJC_ARC = YES;
				CLANG_ENABLE_OBJC_WEAK = YES;
				CLANG_WARN_BLOCK_CAPTURE_AUTORELEASING = YES;
				CLANG_WARN_BOOL_CONVERSION = YES;
				CLANG_WARN_COMMA = YES;
				CLANG_WARN_CONSTANT_CONVERSION = YES;
				CLANG_WARN_DEPRECATED_OBJC_IMPLEMENTATIONS = YES;
				CLANG_WARN_DIRECT_OBJC_ISA_USAGE = YES_ERROR;
				CLANG_WARN_DOCUMENTATION_COMMENTS = YES;
				CLANG_WARN_EMPTY_BODY = YES;
				CLANG_WARN_ENUM_CONVERSION = YES;
				CLANG_WARN_INFINITE_RECURSION = YES;
				CLANG_WARN_INT_CONVERSION = YES;
				CLANG_WARN_NON_LITERAL_NULL_CONVERSION = YES;
				CLANG_WARN_OBJC_IMPLICIT_RETAIN_SELF = YES;
				CLANG_WARN_OBJC_LITERAL_CONVERSION = YES;
				CLANG_WARN_OBJC_ROOT_CLASS = YES_ERROR;
				CLANG_WARN_RANGE_LOOP_ANALYSIS = YES;
				CLANG_WARN_STRICT_PROTOTYPES = YES;
				CLANG_WARN_SUSPICIOUS_MOVE = YES;
				CLANG_WARN_UNGUARDED_AVAILABILITY = YES_AGGRESSIVE;
				CLANG_WARN_UNREACHABLE_CODE = YES;
				CLANG_WARN__DUPLICATE_METHOD_MATCH = YES;
				CODE_SIGN_IDENTITY = "iPhone Developer";
				COPY_PHASE_STRIP = NO;
				DEBUG_INFORMATION_FORMAT = dwarf;
				ENABLE_STRICT_OBJC_MSGSEND = YES;
				ENABLE_TESTABILITY = YES;
				GCC_C_LANGUAGE_STANDARD = gnu11;
				GCC_DYNAMIC_NO_PIC = NO;
				GCC_NO_COMMON_BLOCKS = YES;
				GCC_OPTIMIZATION_LEVEL = 0;
				GCC_PREPROCESSOR_DEFINITIONS = (
					"DEBUG=1",
					"$(inherited)",
				);
				GCC_WARN_64_TO_32_BIT_CONVERSION = YES;
				GCC_WARN_ABOUT_RETURN_TYPE = YES_ERROR;
				GCC_WARN_UNDECLARED_SELECTOR = YES;
				GCC_WARN_UNINITIALIZED_AUTOS = YES_AGGRESSIVE;
				GCC_WARN_UNUSED_FUNCTION = YES;
				GCC_WARN_UNUSED_VARIABLE = YES;
				IPHONEOS_DEPLOYMENT_TARGET = 11.0;
				MTL_ENABLE_DEBUG_INFO = INCLUDE_SOURCE;
				MTL_FAST_MATH = YES;
				ONLY_ACTIVE_ARCH = YES;
				SDKROOT = iphoneos;
				SWIFT_ACTIVE_COMPILATION_CONDITIONS = DEBUG;
				SWIFT_OPTIMIZATION_LEVEL = "-Onone";
			};
			name = Debug;
		};
		5AB57ED7231C5E5100A22A8C /* Release */ = {
			isa = XCBuildConfiguration;
			buildSettings = {
				ALWAYS_SEARCH_USER_PATHS = NO;
				CLANG_ANALYZER_NONNULL = YES;
				CLANG_ANALYZER_NUMBER_OBJECT_CONVERSION = YES_AGGRESSIVE;
				CLANG_CXX_LANGUAGE_STANDARD = "gnu++14";
				CLANG_CXX_LIBRARY = "libc++";
				CLANG_ENABLE_MODULES = YES;
				CLANG_ENABLE_OBJC_ARC = YES;
				CLANG_ENABLE_OBJC_WEAK = YES;
				CLANG_WARN_BLOCK_CAPTURE_AUTORELEASING = YES;
				CLANG_WARN_BOOL_CONVERSION = YES;
				CLANG_WARN_COMMA = YES;
				CLANG_WARN_CONSTANT_CONVERSION = YES;
				CLANG_WARN_DEPRECATED_OBJC_IMPLEMENTATIONS = YES;
				CLANG_WARN_DIRECT_OBJC_ISA_USAGE = YES_ERROR;
				CLANG_WARN_DOCUMENTATION_COMMENTS = YES;
				CLANG_WARN_EMPTY_BODY = YES;
				CLANG_WARN_ENUM_CONVERSION = YES;
				CLANG_WARN_INFINITE_RECURSION = YES;
				CLANG_WARN_INT_CONVERSION = YES;
				CLANG_WARN_NON_LITERAL_NULL_CONVERSION = YES;
				CLANG_WARN_OBJC_IMPLICIT_RETAIN_SELF = YES;
				CLANG_WARN_OBJC_LITERAL_CONVERSION = YES;
				CLANG_WARN_OBJC_ROOT_CLASS = YES_ERROR;
				CLANG_WARN_RANGE_LOOP_ANALYSIS = YES;
				CLANG_WARN_STRICT_PROTOTYPES = YES;
				CLANG_WARN_SUSPICIOUS_MOVE = YES;
				CLANG_WARN_UNGUARDED_AVAILABILITY = YES_AGGRESSIVE;
				CLANG_WARN_UNREACHABLE_CODE = YES;
				CLANG_WARN__DUPLICATE_METHOD_MATCH = YES;
				CODE_SIGN_IDENTITY = "iPhone Developer";
				COPY_PHASE_STRIP = NO;
				DEBUG_INFORMATION_FORMAT = "dwarf-with-dsym";
				ENABLE_NS_ASSERTIONS = NO;
				ENABLE_STRICT_OBJC_MSGSEND = YES;
				GCC_C_LANGUAGE_STANDARD = gnu11;
				GCC_NO_COMMON_BLOCKS = YES;
				GCC_WARN_64_TO_32_BIT_CONVERSION = YES;
				GCC_WARN_ABOUT_RETURN_TYPE = YES_ERROR;
				GCC_WARN_UNDECLARED_SELECTOR = YES;
				GCC_WARN_UNINITIALIZED_AUTOS = YES_AGGRESSIVE;
				GCC_WARN_UNUSED_FUNCTION = YES;
				GCC_WARN_UNUSED_VARIABLE = YES;
				IPHONEOS_DEPLOYMENT_TARGET = 11.0;
				MTL_ENABLE_DEBUG_INFO = NO;
				MTL_FAST_MATH = YES;
				SDKROOT = iphoneos;
				SWIFT_COMPILATION_MODE = wholemodule;
				SWIFT_OPTIMIZATION_LEVEL = "-O";
				VALIDATE_PRODUCT = YES;
			};
			name = Release;
		};
		5AB57ED9231C5E5100A22A8C /* Debug */ = {
			isa = XCBuildConfiguration;
			baseConfigurationReference = 23E05EB620EF780FCD23FF4A /* Pods-VarakushCashier.debug.xcconfig */;
			buildSettings = {
				ASSETCATALOG_COMPILER_APPICON_NAME = AppIcon;
				CODE_SIGN_STYLE = Automatic;
				DEVELOPMENT_TEAM = 764W7G7Y88;
				INFOPLIST_FILE = "$(SRCROOT)/VarakushCashier/Resources/Info.plist";
				LD_RUNPATH_SEARCH_PATHS = (
					"$(inherited)",
					"@executable_path/Frameworks",
				);
				PRODUCT_BUNDLE_IDENTIFIER = ru.VarakushCashier;
				PRODUCT_NAME = "MVVM+RxApiClient";
				SWIFT_VERSION = 5.0;
				TARGETED_DEVICE_FAMILY = 1;
			};
			name = Debug;
		};
		5AB57EDA231C5E5100A22A8C /* Release */ = {
			isa = XCBuildConfiguration;
			baseConfigurationReference = 0DA014246DFDF2D312907C57 /* Pods-VarakushCashier.release.xcconfig */;
			buildSettings = {
				ASSETCATALOG_COMPILER_APPICON_NAME = AppIcon;
				CODE_SIGN_STYLE = Automatic;
				DEVELOPMENT_TEAM = 764W7G7Y88;
				INFOPLIST_FILE = "$(SRCROOT)/VarakushCashier/Resources/Info.plist";
				LD_RUNPATH_SEARCH_PATHS = (
					"$(inherited)",
					"@executable_path/Frameworks",
				);
				PRODUCT_BUNDLE_IDENTIFIER = ru.VarakushCashier;
				PRODUCT_NAME = "MVVM+RxApiClient";
				SWIFT_VERSION = 5.0;
				TARGETED_DEVICE_FAMILY = 1;
			};
			name = Release;
		};
		5AB57EDC231C5E5100A22A8C /* Debug */ = {
			isa = XCBuildConfiguration;
			baseConfigurationReference = 3AAB4D817B158786017D06E2 /* Pods-VarakushCashierTests.debug.xcconfig */;
			buildSettings = {
				ALWAYS_EMBED_SWIFT_STANDARD_LIBRARIES = YES;
				BUNDLE_LOADER = "$(TEST_HOST)";
				CODE_SIGN_STYLE = Automatic;
				DEVELOPMENT_TEAM = 3B6P3ZY7KK;
				INFOPLIST_FILE = VarakushCashierTests/Info.plist;
				LD_RUNPATH_SEARCH_PATHS = (
					"$(inherited)",
					"@executable_path/Frameworks",
					"@loader_path/Frameworks",
				);
				PRODUCT_BUNDLE_IDENTIFIER = ru.VarakushCashierTests;
				PRODUCT_NAME = "$(TARGET_NAME)";
				SWIFT_VERSION = 5.0;
				TARGETED_DEVICE_FAMILY = "1,2";
				TEST_HOST = "$(BUILT_PRODUCTS_DIR)/VarakushCashier.app/VarakushCashier";
			};
			name = Debug;
		};
		5AB57EDD231C5E5100A22A8C /* Release */ = {
			isa = XCBuildConfiguration;
			baseConfigurationReference = 0ECCCFB87935A0FD96E2527A /* Pods-VarakushCashierTests.release.xcconfig */;
			buildSettings = {
				ALWAYS_EMBED_SWIFT_STANDARD_LIBRARIES = YES;
				BUNDLE_LOADER = "$(TEST_HOST)";
				CODE_SIGN_STYLE = Automatic;
				DEVELOPMENT_TEAM = 3B6P3ZY7KK;
				INFOPLIST_FILE = VarakushCashierTests/Info.plist;
				LD_RUNPATH_SEARCH_PATHS = (
					"$(inherited)",
					"@executable_path/Frameworks",
					"@loader_path/Frameworks",
				);
				PRODUCT_BUNDLE_IDENTIFIER = ru.VarakushCashierTests;
				PRODUCT_NAME = "$(TARGET_NAME)";
				SWIFT_VERSION = 5.0;
				TARGETED_DEVICE_FAMILY = "1,2";
				TEST_HOST = "$(BUILT_PRODUCTS_DIR)/VarakushCashier.app/VarakushCashier";
			};
			name = Release;
		};
/* End XCBuildConfiguration section */

/* Begin XCConfigurationList section */
		5AB57EB6231C5E4F00A22A8C /* Build configuration list for PBXProject "VarakushCashier" */ = {
			isa = XCConfigurationList;
			buildConfigurations = (
				5AB57ED6231C5E5100A22A8C /* Debug */,
				5AB57ED7231C5E5100A22A8C /* Release */,
			);
			defaultConfigurationIsVisible = 0;
			defaultConfigurationName = Release;
		};
		5AB57ED8231C5E5100A22A8C /* Build configuration list for PBXNativeTarget "VarakushCashier" */ = {
			isa = XCConfigurationList;
			buildConfigurations = (
				5AB57ED9231C5E5100A22A8C /* Debug */,
				5AB57EDA231C5E5100A22A8C /* Release */,
			);
			defaultConfigurationIsVisible = 0;
			defaultConfigurationName = Release;
		};
		5AB57EDB231C5E5100A22A8C /* Build configuration list for PBXNativeTarget "VarakushCashierTests" */ = {
			isa = XCConfigurationList;
			buildConfigurations = (
				5AB57EDC231C5E5100A22A8C /* Debug */,
				5AB57EDD231C5E5100A22A8C /* Release */,
			);
			defaultConfigurationIsVisible = 0;
			defaultConfigurationName = Release;
		};
/* End XCConfigurationList section */
	};
	rootObject = 5AB57EB3231C5E4F00A22A8C /* Project object */;
}
